
Microsoft Visual Studio Solution File, Format Version 12.00
# Visual Studio Version 17
VisualStudioVersion = 17.11.35222.181
MinimumVisualStudioVersion = 10.0.40219.1
Project("{FAE04EC0-301F-11D3-BF4B-00C04F79EFBC}") = "ConsoleAPPP3", "ConsoleAPPP3.csproj", "{61EAB346-2F25-4962-86FF-C0931EF1FD1C}"
EndProject
Global
	GlobalSection(SolutionConfigurationPlatforms) = preSolution
		Debug|Any CPU = Debug|Any CPU
		Release|Any CPU = Release|Any CPU
	EndGlobalSection
	GlobalSection(ProjectConfigurationPlatforms) = postSolution
		{61EAB346-2F25-4962-86FF-C0931EF1FD1C}.Debug|Any CPU.ActiveCfg = Debug|Any CPU
		{61EAB346-2F25-4962-86FF-C0931EF1FD1C}.Debug|Any CPU.Build.0 = Debug|Any CPU
		{61EAB346-2F25-4962-86FF-C0931EF1FD1C}.Release|Any CPU.ActiveCfg = Release|Any CPU
		{61EAB346-2F25-4962-86FF-C0931EF1FD1C}.Release|Any CPU.Build.0 = Release|Any CPU
	EndGlobalSection
	GlobalSection(SolutionProperties) = preSolution
		HideSolutionNode = FALSE
	EndGlobalSection
	GlobalSection(ExtensibilityGlobals) = postSolution
		SolutionGuid = {9CD703DE-DFF7-4E12-9F05-7D60D310102D}
	EndGlobalSection
EndGlobal
